
Microsoft Visual Studio Solution File, Format Version 12.00
# Visual Studio Version 17
VisualStudioVersion = 17.3.32825.248
MinimumVisualStudioVersion = 10.0.40219.1
Project("{FAE04EC0-301F-11D3-BF4B-00C04F79EFBC}") = "API_Book_Shop", "API_Book_Shop\API_Book_Shop.csproj", "{DA865D26-55EE-481F-B0A3-FEDF5087C8A1}"
EndProject
Global
	GlobalSection(SolutionConfigurationPlatforms) = preSolution
		Debug|Any CPU = Debug|Any CPU
		Release|Any CPU = Release|Any CPU
	EndGlobalSection
	GlobalSection(ProjectConfigurationPlatforms) = postSolution
		{DA865D26-55EE-481F-B0A3-FEDF5087C8A1}.Debug|Any CPU.ActiveCfg = Debug|Any CPU
		{DA865D26-55EE-481F-B0A3-FEDF5087C8A1}.Debug|Any CPU.Build.0 = Debug|Any CPU
		{DA865D26-55EE-481F-B0A3-FEDF5087C8A1}.Release|Any CPU.ActiveCfg = Release|Any CPU
		{DA865D26-55EE-481F-B0A3-FEDF5087C8A1}.Release|Any CPU.Build.0 = Release|Any CPU
	EndGlobalSection
	GlobalSection(SolutionProperties) = preSolution
		HideSolutionNode = FALSE
	EndGlobalSection
	GlobalSection(ExtensibilityGlobals) = postSolution
		SolutionGuid = {E6F73567-2166-4F8C-8D23-621E7C936E30}
	EndGlobalSection
EndGlobal
